// !$*UTF8*$!
{
	archiveVersion = 1;
	classes = {
	};
	objectVersion = 50;
	objects = {

/* Begin PBXBuildFile section */
		EA4D662E258A742400E81DAB /* AppDelegate.m in Sources */ = {isa = PBXBuildFile; fileRef = EA4D662D258A742400E81DAB /* AppDelegate.m */; };
		EA4D6631258A742400E81DAB /* SceneDelegate.m in Sources */ = {isa = PBXBuildFile; fileRef = EA4D6630258A742400E81DAB /* SceneDelegate.m */; };
		EA4D6634258A742400E81DAB /* ViewController.m in Sources */ = {isa = PBXBuildFile; fileRef = EA4D6633258A742400E81DAB /* ViewController.m */; };
		EA4D6637258A742400E81DAB /* Main.storyboard in Resources */ = {isa = PBXBuildFile; fileRef = EA4D6635258A742400E81DAB /* Main.storyboard */; };
		EA4D6639258A742400E81DAB /* Assets.xcassets in Resources */ = {isa = PBXBuildFile; fileRef = EA4D6638258A742400E81DAB /* Assets.xcassets */; };
		EA4D663C258A742400E81DAB /* LaunchScreen.storyboard in Resources */ = {isa = PBXBuildFile; fileRef = EA4D663A258A742400E81DAB /* LaunchScreen.storyboard */; };
		EA4D663F258A742400E81DAB /* main.m in Sources */ = {isa = PBXBuildFile; fileRef = EA4D663E258A742400E81DAB /* main.m */; };
		EA4D6649258A86AD00E81DAB /* Vehicle.m in Sources */ = {isa = PBXBuildFile; fileRef = EA4D6648258A86AD00E81DAB /* Vehicle.m */; };
		EA4D664E258A9C5500E81DAB /* Car.m in Sources */ = {isa = PBXBuildFile; fileRef = EA4D664D258A9C5500E81DAB /* Car.m */; };
/* End PBXBuildFile section */

/* Begin PBXFileReference section */
		EA4D6629258A742400E81DAB /* SimpleOop.app */ = {isa = PBXFileReference; explicitFileType = wrapper.application; includeInIndex = 0; path = SimpleOop.app; sourceTree = BUILT_PRODUCTS_DIR; };
		EA4D662C258A742400E81DAB /* AppDelegate.h */ = {isa = PBXFileReference; lastKnownFileType = sourcecode.c.h; path = AppDelegate.h; sourceTree = "<group>"; };
		EA4D662D258A742400E81DAB /* AppDelegate.m */ = {isa = PBXFileReference; lastKnownFileType = sourcecode.c.objc; path = AppDelegate.m; sourceTree = "<group>"; };
		EA4D662F258A742400E81DAB /* SceneDelegate.h */ = {isa = PBXFileReference; lastKnownFileType = sourcecode.c.h; path = SceneDelegate.h; sourceTree = "<group>"; };
		EA4D6630258A742400E81DAB /* SceneDelegate.m */ = {isa = PBXFileReference; lastKnownFileType = sourcecode.c.objc; path = SceneDelegate.m; sourceTree = "<group>"; };
		EA4D6632258A742400E81DAB /* ViewController.h */ = {isa = PBXFileReference; lastKnownFileType = sourcecode.c.h; path = ViewController.h; sourceTree = "<group>"; };
		EA4D6633258A742400E81DAB /* ViewController.m */ = {isa = PBXFileReference; lastKnownFileType = sourcecode.c.objc; path = ViewController.m; sourceTree = "<group>"; };
		EA4D6636258A742400E81DAB /* Base */ = {isa = PBXFileReference; lastKnownFileType = file.storyboard; name = Base; path = Base.lproj/Main.storyboard; sourceTree = "<group>"; };
		EA4D6638258A742400E81DAB /* Assets.xcassets */ = {isa = PBXFileReference; lastKnownFileType = folder.assetcatalog; path = Assets.xcassets; sourceTree = "<group>"; };
		EA4D663B258A742400E81DAB /* Base */ = {isa = PBXFileReference; lastKnownFileType = file.storyboard; name = Base; path = Base.lproj/LaunchScreen.storyboard; sourceTree = "<group>"; };
		EA4D663D258A742400E81DAB /* Info.plist */ = {isa = PBXFileReference; lastKnownFileType = text.plist.xml; path = Info.plist; sourceTree = "<group>"; };
		EA4D663E258A742400E81DAB /* main.m */ = {isa = PBXFileReference; lastKnownFileType = sourcecode.c.objc; path = main.m; sourceTree = "<group>"; };
		EA4D6646258A746100E81DAB /* Vehicle.h */ = {isa = PBXFileReference; lastKnownFileType = sourcecode.c.h; path = Vehicle.h; sourceTree = "<group>"; };
		EA4D6648258A86AD00E81DAB /* Vehicle.m */ = {isa = PBXFileReference; lastKnownFileType = sourcecode.c.objc; path = Vehicle.m; sourceTree = "<group>"; };
		EA4D664B258A9B4700E81DAB /* Car.h */ = {isa = PBXFileReference; lastKnownFileType = sourcecode.c.h; path = Car.h; sourceTree = "<group>"; };
		EA4D664D258A9C5500E81DAB /* Car.m */ = {isa = PBXFileReference; lastKnownFileType = sourcecode.c.objc; path = Car.m; sourceTree = "<group>"; };
/* End PBXFileReference section */

/* Begin PBXFrameworksBuildPhase section */
		EA4D6626258A742400E81DAB /* Frameworks */ = {
			isa = PBXFrameworksBuildPhase;
			buildActionMask = 2147483647;
			files = (
			);
			runOnlyForDeploymentPostprocessing = 0;
		};
/* End PBXFrameworksBuildPhase section */

/* Begin PBXGroup section */
		EA4D6620258A742400E81DAB = {
			isa = PBXGroup;
			children = (
				EA4D662B258A742400E81DAB /* SimpleOop */,
				EA4D662A258A742400E81DAB /* Products */,
			);
			sourceTree = "<group>";
		};
		EA4D662A258A742400E81DAB /* Products */ = {
			isa = PBXGroup;
			children = (
				EA4D6629258A742400E81DAB /* SimpleOop.app */,
			);
			name = Products;
			sourceTree = "<group>";
		};
		EA4D662B258A742400E81DAB /* SimpleOop */ = {
			isa = PBXGroup;
			children = (
				EA4D662C258A742400E81DAB /* AppDelegate.h */,
				EA4D662D258A742400E81DAB /* AppDelegate.m */,
				EA4D662F258A742400E81DAB /* SceneDelegate.h */,
				EA4D6630258A742400E81DAB /* SceneDelegate.m */,
				EA4D6632258A742400E81DAB /* ViewController.h */,
				EA4D6633258A742400E81DAB /* ViewController.m */,
				EA4D6635258A742400E81DAB /* Main.storyboard */,
				EA4D6638258A742400E81DAB /* Assets.xcassets */,
				EA4D663A258A742400E81DAB /* LaunchScreen.storyboard */,
				EA4D663D258A742400E81DAB /* Info.plist */,
				EA4D663E258A742400E81DAB /* main.m */,
				EA4D6646258A746100E81DAB /* Vehicle.h */,
				EA4D6648258A86AD00E81DAB /* Vehicle.m */,
				EA4D664B258A9B4700E81DAB /* Car.h */,
				EA4D664D258A9C5500E81DAB /* Car.m */,
			);
			path = SimpleOop;
			sourceTree = "<group>";
		};
/* End PBXGroup section */

/* Begin PBXNativeTarget section */
		EA4D6628258A742400E81DAB /* SimpleOop */ = {
			isa = PBXNativeTarget;
			buildConfigurationList = EA4D6642258A742400E81DAB /* Build configuration list for PBXNativeTarget "SimpleOop" */;
			buildPhases = (
				EA4D6625258A742400E81DAB /* Sources */,
				EA4D6626258A742400E81DAB /* Frameworks */,
				EA4D6627258A742400E81DAB /* Resources */,
			);
			buildRules = (
			);
			dependencies = (
			);
			name = SimpleOop;
			productName = SimpleOop;
			productReference = EA4D6629258A742400E81DAB /* SimpleOop.app */;
			productType = "com.apple.product-type.application";
		};
/* End PBXNativeTarget section */

/* Begin PBXProject section */
		EA4D6621258A742400E81DAB /* Project object */ = {
			isa = PBXProject;
			attributes = {
				LastUpgradeCheck = 1230;
				TargetAttributes = {
					EA4D6628258A742400E81DAB = {
						CreatedOnToolsVersion = 12.3;
					};
				};
			};
			buildConfigurationList = EA4D6624258A742400E81DAB /* Build configuration list for PBXProject "SimpleOop" */;
			compatibilityVersion = "Xcode 9.3";
			developmentRegion = en;
			hasScannedForEncodings = 0;
			knownRegions = (
				en,
				Base,
			);
			mainGroup = EA4D6620258A742400E81DAB;
			productRefGroup = EA4D662A258A742400E81DAB /* Products */;
			projectDirPath = "";
			projectRoot = "";
			targets = (
				EA4D6628258A742400E81DAB /* SimpleOop */,
			);
		};
/* End PBXProject section */

/* Begin PBXResourcesBuildPhase section */
		EA4D6627258A742400E81DAB /* Resources */ = {
			isa = PBXResourcesBuildPhase;
			buildActionMask = 2147483647;
			files = (
				EA4D663C258A742400E81DAB /* LaunchScreen.storyboard in Resources */,
				EA4D6639258A742400E81DAB /* Assets.xcassets in Resources */,
				EA4D6637258A742400E81DAB /* Main.storyboard in Resources */,
			);
			runOnlyForDeploymentPostprocessing = 0;
		};
/* End PBXResourcesBuildPhase section */

/* Begin PBXSourcesBuildPhase section */
		EA4D6625258A742400E81DAB /* Sources */ = {
			isa = PBXSourcesBuildPhase;
			buildActionMask = 2147483647;
			files = (
				EA4D664E258A9C5500E81DAB /* Car.m in Sources */,
				EA4D6634258A742400E81DAB /* ViewController.m in Sources */,
				EA4D662E258A742400E81DAB /* AppDelegate.m in Sources */,
				EA4D663F258A742400E81DAB /* main.m in Sources */,
				EA4D6631258A742400E81DAB /* SceneDelegate.m in Sources */,
				EA4D6649258A86AD00E81DAB /* Vehicle.m in Sources */,
			);
			runOnlyForDeploymentPostprocessing = 0;
		};
/* End PBXSourcesBuildPhase section */

/* Begin PBXVariantGroup section */
		EA4D6635258A742400E81DAB /* Main.storyboard */ = {
			isa = PBXVariantGroup;
			children = (
				EA4D6636258A742400E81DAB /* Base */,
			);
			name = Main.storyboard;
			sourceTree = "<group>";
		};
		EA4D663A258A742400E81DAB /* LaunchScreen.storyboard */ = {
			isa = PBXVariantGroup;
			children = (
				EA4D663B258A742400E81DAB /* Base */,
			);
			name = LaunchScreen.storyboard;
			sourceTree = "<group>";
		};
/* End PBXVariantGroup section */

/* Begin XCBuildConfiguration section */
		EA4D6640258A742400E81DAB /* Debug */ = {
			isa = XCBuildConfiguration;
			buildSettings = {
				ALWAYS_SEARCH_USER_PATHS = NO;
				CLANG_ANALYZER_NONNULL = YES;
				CLANG_ANALYZER_NUMBER_OBJECT_CONVERSION = YES_AGGRESSIVE;
				CLANG_CXX_LANGUAGE_STANDARD = "gnu++14";
				CLANG_CXX_LIBRARY = "libc++";
				CLANG_ENABLE_MODULES = YES;
				CLANG_ENABLE_OBJC_ARC = YES;
				CLANG_ENABLE_OBJC_WEAK = YES;
				CLANG_WARN_BLOCK_CAPTURE_AUTORELEASING = YES;
				CLANG_WARN_BOOL_CONVERSION = YES;
				CLANG_WARN_COMMA = YES;
				CLANG_WARN_CONSTANT_CONVERSION = YES;
				CLANG_WARN_DEPRECATED_OBJC_IMPLEMENTATIONS = YES;
				CLANG_WARN_DIRECT_OBJC_ISA_USAGE = YES_ERROR;
				CLANG_WARN_DOCUMENTATION_COMMENTS = YES;
				CLANG_WARN_EMPTY_BODY = YES;
				CLANG_WARN_ENUM_CONVERSION = YES;
				CLANG_WARN_INFINITE_RECURSION = YES;
				CLANG_WARN_INT_CONVERSION = YES;
				CLANG_WARN_NON_LITERAL_NULL_CONVERSION = YES;
				CLANG_WARN_OBJC_IMPLICIT_RETAIN_SELF = YES;
				CLANG_WARN_OBJC_LITERAL_CONVERSION = YES;
				CLANG_WARN_OBJC_ROOT_CLASS = YES_ERROR;
				CLANG_WARN_QUOTED_INCLUDE_IN_FRAMEWORK_HEADER = YES;
				CLANG_WARN_RANGE_LOOP_ANALYSIS = YES;
				CLANG_WARN_STRICT_PROTOTYPES = YES;
				CLANG_WARN_SUSPICIOUS_MOVE = YES;
				CLANG_WARN_UNGUARDED_AVAILABILITY = YES_AGGRESSIVE;
				CLANG_WARN_UNREACHABLE_CODE = YES;
				CLANG_WARN__DUPLICATE_METHOD_MATCH = YES;
				COPY_PHASE_STRIP = NO;
				DEBUG_INFORMATION_FORMAT = dwarf;
				ENABLE_STRICT_OBJC_MSGSEND = YES;
				ENABLE_TESTABILITY = YES;
				GCC_C_LANGUAGE_STANDARD = gnu11;
				GCC_DYNAMIC_NO_PIC = NO;
				GCC_NO_COMMON_BLOCKS = YES;
				GCC_OPTIMIZATION_LEVEL = 0;
				GCC_PREPROCESSOR_DEFINITIONS = (
					"DEBUG=1",
					"$(inherited)",
				);
				GCC_WARN_64_TO_32_BIT_CONVERSION = YES;
				GCC_WARN_ABOUT_RETURN_TYPE = YES_ERROR;
				GCC_WARN_UNDECLARED_SELECTOR = YES;
				GCC_WARN_UNINITIALIZED_AUTOS = YES_AGGRESSIVE;
				GCC_WARN_UNUSED_FUNCTION = YES;
				GCC_WARN_UNUSED_VARIABLE = YES;
				IPHONEOS_DEPLOYMENT_TARGET = 14.3;
				MTL_ENABLE_DEBUG_INFO = INCLUDE_SOURCE;
				MTL_FAST_MATH = YES;
				ONLY_ACTIVE_ARCH = YES;
				SDKROOT = iphoneos;
			};
			name = Debug;
		};
		EA4D6641258A742400E81DAB /* Release */ = {
			isa = XCBuildConfiguration;
			buildSettings = {
				ALWAYS_SEARCH_USER_PATHS = NO;
				CLANG_ANALYZER_NONNULL = YES;
				CLANG_ANALYZER_NUMBER_OBJECT_CONVERSION = YES_AGGRESSIVE;
				CLANG_CXX_LANGUAGE_STANDARD = "gnu++14";
				CLANG_CXX_LIBRARY = "libc++";
				CLANG_ENABLE_MODULES = YES;
				CLANG_ENABLE_OBJC_ARC = YES;
				CLANG_ENABLE_OBJC_WEAK = YES;
				CLANG_WARN_BLOCK_CAPTURE_AUTORELEASING = YES;
				CLANG_WARN_BOOL_CONVERSION = YES;
				CLANG_WARN_COMMA = YES;
				CLANG_WARN_CONSTANT_CONVERSION = YES;
				CLANG_WARN_DEPRECATED_OBJC_IMPLEMENTATIONS = YES;
				CLANG_WARN_DIRECT_OBJC_ISA_USAGE = YES_ERROR;
				CLANG_WARN_DOCUMENTATION_COMMENTS = YES;
				CLANG_WARN_EMPTY_BODY = YES;
				CLANG_WARN_ENUM_CONVERSION = YES;
				CLANG_WARN_INFINITE_RECURSION = YES;
				CLANG_WARN_INT_CONVERSION = YES;
				CLANG_WARN_NON_LITERAL_NULL_CONVERSION = YES;
				CLANG_WARN_OBJC_IMPLICIT_RETAIN_SELF = YES;
				CLANG_WARN_OBJC_LITERAL_CONVERSION = YES;
				CLANG_WARN_OBJC_ROOT_CLASS = YES_ERROR;
				CLANG_WARN_QUOTED_INCLUDE_IN_FRAMEWORK_HEADER = YES;
				CLANG_WARN_RANGE_LOOP_ANALYSIS = YES;
				CLANG_WARN_STRICT_PROTOTYPES = YES;
				CLANG_WARN_SUSPICIOUS_MOVE = YES;
				CLANG_WARN_UNGUARDED_AVAILABILITY = YES_AGGRESSIVE;
				CLANG_WARN_UNREACHABLE_CODE = YES;
				CLANG_WARN__DUPLICATE_METHOD_MATCH = YES;
				COPY_PHASE_STRIP = NO;
				DEBUG_INFORMATION_FORMAT = "dwarf-with-dsym";
				ENABLE_NS_ASSERTIONS = NO;
				ENABLE_STRICT_OBJC_MSGSEND = YES;
				GCC_C_LANGUAGE_STANDARD = gnu11;
				GCC_NO_COMMON_BLOCKS = YES;
				GCC_WARN_64_TO_32_BIT_CONVERSION = YES;
				GCC_WARN_ABOUT_RETURN_TYPE = YES_ERROR;
				GCC_WARN_UNDECLARED_SELECTOR = YES;
				GCC_WARN_UNINITIALIZED_AUTOS = YES_AGGRESSIVE;
				GCC_WARN_UNUSED_FUNCTION = YES;
				GCC_WARN_UNUSED_VARIABLE = YES;
				IPHONEOS_DEPLOYMENT_TARGET = 14.3;
				MTL_ENABLE_DEBUG_INFO = NO;
				MTL_FAST_MATH = YES;
				SDKROOT = iphoneos;
				VALIDATE_PRODUCT = YES;
			};
			name = Release;
		};
		EA4D6643258A742400E81DAB /* Debug */ = {
			isa = XCBuildConfiguration;
			buildSettings = {
				ASSETCATALOG_COMPILER_APPICON_NAME = AppIcon;
				ASSETCATALOG_COMPILER_GLOBAL_ACCENT_COLOR_NAME = AccentColor;
				CODE_SIGN_STYLE = Automatic;
				DEVELOPMENT_TEAM = C3SJT459K8;
				INFOPLIST_FILE = SimpleOop/Info.plist;
				LD_RUNPATH_SEARCH_PATHS = (
					"$(inherited)",
					"@executable_path/Frameworks",
				);
				PRODUCT_BUNDLE_IDENTIFIER = "com.softtech-dev.SimpleOop";
				PRODUCT_NAME = "$(TARGET_NAME)";
				TARGETED_DEVICE_FAMILY = "1,2";
			};
			name = Debug;
		};
		EA4D6644258A742400E81DAB /* Release */ = {
			isa = XCBuildConfiguration;
			buildSettings = {
				ASSETCATALOG_COMPILER_APPICON_NAME = AppIcon;
				ASSETCATALOG_COMPILER_GLOBAL_ACCENT_COLOR_NAME = AccentColor;
				CODE_SIGN_STYLE = Automatic;
				DEVELOPMENT_TEAM = C3SJT459K8;
				INFOPLIST_FILE = SimpleOop/Info.plist;
				LD_RUNPATH_SEARCH_PATHS = (
					"$(inherited)",
					"@executable_path/Frameworks",
				);
				PRODUCT_BUNDLE_IDENTIFIER = "com.softtech-dev.SimpleOop";
				PRODUCT_NAME = "$(TARGET_NAME)";
				TARGETED_DEVICE_FAMILY = "1,2";
			};
			name = Release;
		};
/* End XCBuildConfiguration section */

/* Begin XCConfigurationList section */
		EA4D6624258A742400E81DAB /* Build configuration list for PBXProject "SimpleOop" */ = {
			isa = XCConfigurationList;
			buildConfigurations = (
				EA4D6640258A742400E81DAB /* Debug */,
				EA4D6641258A742400E81DAB /* Release */,
			);
			defaultConfigurationIsVisible = 0;
			defaultConfigurationName = Release;
		};
		EA4D6642258A742400E81DAB /* Build configuration list for PBXNativeTarget "SimpleOop" */ = {
			isa = XCConfigurationList;
			buildConfigurations = (
				EA4D6643258A742400E81DAB /* Debug */,
				EA4D6644258A742400E81DAB /* Release */,
			);
			defaultConfigurationIsVisible = 0;
			defaultConfigurationName = Release;
		};
/* End XCConfigurationList section */
	};
	rootObject = EA4D6621258A742400E81DAB /* Project object */;
}
