// !$*UTF8*$!
{
	archiveVersion = 1;
	classes = {
	};
	objectVersion = 50;
	objects = {

/* Begin PBXBuildFile section */
		EA87356025B8252C008245BE /* vehicleCell.m in Sources */ = {isa = PBXBuildFile; fileRef = EA87355F25B8252C008245BE /* vehicleCell.m */; };
		EA87356525B84525008245BE /* demoCtl.m in Sources */ = {isa = PBXBuildFile; fileRef = EA87356425B84525008245BE /* demoCtl.m */; };
		EAC5201B25B96E9D0066A60D /* VehicleDetailsViewController.m in Sources */ = {isa = PBXBuildFile; fileRef = EAC5201A25B96E9D0066A60D /* VehicleDetailsViewController.m */; };
		EACFD82A25B046130018F520 /* AppDelegate.m in Sources */ = {isa = PBXBuildFile; fileRef = EACFD82925B046130018F520 /* AppDelegate.m */; };
		EACFD82D25B046130018F520 /* SceneDelegate.m in Sources */ = {isa = PBXBuildFile; fileRef = EACFD82C25B046130018F520 /* SceneDelegate.m */; };
		EACFD83025B046130018F520 /* ViewController.m in Sources */ = {isa = PBXBuildFile; fileRef = EACFD82F25B046130018F520 /* ViewController.m */; };
		EACFD83325B046130018F520 /* Main.storyboard in Resources */ = {isa = PBXBuildFile; fileRef = EACFD83125B046130018F520 /* Main.storyboard */; };
		EACFD83525B046150018F520 /* Assets.xcassets in Resources */ = {isa = PBXBuildFile; fileRef = EACFD83425B046150018F520 /* Assets.xcassets */; };
		EACFD83825B046150018F520 /* LaunchScreen.storyboard in Resources */ = {isa = PBXBuildFile; fileRef = EACFD83625B046150018F520 /* LaunchScreen.storyboard */; };
		EACFD83B25B046150018F520 /* main.m in Sources */ = {isa = PBXBuildFile; fileRef = EACFD83A25B046150018F520 /* main.m */; };
		EACFD84525B046A90018F520 /* HttpService.m in Sources */ = {isa = PBXBuildFile; fileRef = EACFD84425B046A90018F520 /* HttpService.m */; };
		EACFD84B25B06BAB0018F520 /* Vehicle.m in Sources */ = {isa = PBXBuildFile; fileRef = EACFD84A25B06BAB0018F520 /* Vehicle.m */; };
/* End PBXBuildFile section */

/* Begin PBXFileReference section */
		EA87355E25B8252C008245BE /* vehicleCell.h */ = {isa = PBXFileReference; lastKnownFileType = sourcecode.c.h; path = vehicleCell.h; sourceTree = "<group>"; };
		EA87355F25B8252C008245BE /* vehicleCell.m */ = {isa = PBXFileReference; lastKnownFileType = sourcecode.c.objc; path = vehicleCell.m; sourceTree = "<group>"; };
		EA87356325B84525008245BE /* demoCtl.h */ = {isa = PBXFileReference; lastKnownFileType = sourcecode.c.h; path = demoCtl.h; sourceTree = "<group>"; };
		EA87356425B84525008245BE /* demoCtl.m */ = {isa = PBXFileReference; lastKnownFileType = sourcecode.c.objc; path = demoCtl.m; sourceTree = "<group>"; };
		EAC5201925B96E9D0066A60D /* VehicleDetailsViewController.h */ = {isa = PBXFileReference; lastKnownFileType = sourcecode.c.h; path = VehicleDetailsViewController.h; sourceTree = "<group>"; };
		EAC5201A25B96E9D0066A60D /* VehicleDetailsViewController.m */ = {isa = PBXFileReference; lastKnownFileType = sourcecode.c.objc; path = VehicleDetailsViewController.m; sourceTree = "<group>"; };
		EACFD82525B046130018F520 /* WestCoast-Cars.app */ = {isa = PBXFileReference; explicitFileType = wrapper.application; includeInIndex = 0; path = "WestCoast-Cars.app"; sourceTree = BUILT_PRODUCTS_DIR; };
		EACFD82825B046130018F520 /* AppDelegate.h */ = {isa = PBXFileReference; lastKnownFileType = sourcecode.c.h; path = AppDelegate.h; sourceTree = "<group>"; };
		EACFD82925B046130018F520 /* AppDelegate.m */ = {isa = PBXFileReference; lastKnownFileType = sourcecode.c.objc; path = AppDelegate.m; sourceTree = "<group>"; };
		EACFD82B25B046130018F520 /* SceneDelegate.h */ = {isa = PBXFileReference; lastKnownFileType = sourcecode.c.h; path = SceneDelegate.h; sourceTree = "<group>"; };
		EACFD82C25B046130018F520 /* SceneDelegate.m */ = {isa = PBXFileReference; lastKnownFileType = sourcecode.c.objc; path = SceneDelegate.m; sourceTree = "<group>"; };
		EACFD82E25B046130018F520 /* ViewController.h */ = {isa = PBXFileReference; lastKnownFileType = sourcecode.c.h; path = ViewController.h; sourceTree = "<group>"; };
		EACFD82F25B046130018F520 /* ViewController.m */ = {isa = PBXFileReference; lastKnownFileType = sourcecode.c.objc; path = ViewController.m; sourceTree = "<group>"; };
		EACFD83225B046130018F520 /* Base */ = {isa = PBXFileReference; lastKnownFileType = file.storyboard; name = Base; path = Base.lproj/Main.storyboard; sourceTree = "<group>"; };
		EACFD83425B046150018F520 /* Assets.xcassets */ = {isa = PBXFileReference; lastKnownFileType = folder.assetcatalog; path = Assets.xcassets; sourceTree = "<group>"; };
		EACFD83725B046150018F520 /* Base */ = {isa = PBXFileReference; lastKnownFileType = file.storyboard; name = Base; path = Base.lproj/LaunchScreen.storyboard; sourceTree = "<group>"; };
		EACFD83925B046150018F520 /* Info.plist */ = {isa = PBXFileReference; lastKnownFileType = text.plist.xml; path = Info.plist; sourceTree = "<group>"; };
		EACFD83A25B046150018F520 /* main.m */ = {isa = PBXFileReference; lastKnownFileType = sourcecode.c.objc; path = main.m; sourceTree = "<group>"; };
		EACFD84325B046A90018F520 /* HttpService.h */ = {isa = PBXFileReference; lastKnownFileType = sourcecode.c.h; path = HttpService.h; sourceTree = "<group>"; };
		EACFD84425B046A90018F520 /* HttpService.m */ = {isa = PBXFileReference; lastKnownFileType = sourcecode.c.objc; path = HttpService.m; sourceTree = "<group>"; };
		EACFD84925B06BAB0018F520 /* Vehicle.h */ = {isa = PBXFileReference; lastKnownFileType = sourcecode.c.h; path = Vehicle.h; sourceTree = "<group>"; };
		EACFD84A25B06BAB0018F520 /* Vehicle.m */ = {isa = PBXFileReference; lastKnownFileType = sourcecode.c.objc; path = Vehicle.m; sourceTree = "<group>"; };
/* End PBXFileReference section */

/* Begin PBXFrameworksBuildPhase section */
		EACFD82225B046130018F520 /* Frameworks */ = {
			isa = PBXFrameworksBuildPhase;
			buildActionMask = 2147483647;
			files = (
			);
			runOnlyForDeploymentPostprocessing = 0;
		};
/* End PBXFrameworksBuildPhase section */

/* Begin PBXGroup section */
		EA87355D25B82503008245BE /* Views */ = {
			isa = PBXGroup;
			children = (
				EA87355E25B8252C008245BE /* vehicleCell.h */,
				EA87355F25B8252C008245BE /* vehicleCell.m */,
			);
			path = Views;
			sourceTree = "<group>";
		};
		EAC5201825B96E6D0066A60D /* ViewControllers */ = {
			isa = PBXGroup;
			children = (
				EAC5201925B96E9D0066A60D /* VehicleDetailsViewController.h */,
				EAC5201A25B96E9D0066A60D /* VehicleDetailsViewController.m */,
			);
			path = ViewControllers;
			sourceTree = "<group>";
		};
		EACFD81C25B046130018F520 = {
			isa = PBXGroup;
			children = (
				EAC5201825B96E6D0066A60D /* ViewControllers */,
				EA87355D25B82503008245BE /* Views */,
				EACFD84825B06B890018F520 /* Models */,
				EACFD84225B0464D0018F520 /* Services */,
				EACFD82725B046130018F520 /* WestCoast-Cars */,
				EACFD82625B046130018F520 /* Products */,
			);
			sourceTree = "<group>";
		};
		EACFD82625B046130018F520 /* Products */ = {
			isa = PBXGroup;
			children = (
				EACFD82525B046130018F520 /* WestCoast-Cars.app */,
			);
			name = Products;
			sourceTree = "<group>";
		};
		EACFD82725B046130018F520 /* WestCoast-Cars */ = {
			isa = PBXGroup;
			children = (
				EACFD82825B046130018F520 /* AppDelegate.h */,
				EACFD82925B046130018F520 /* AppDelegate.m */,
				EACFD82B25B046130018F520 /* SceneDelegate.h */,
				EACFD82C25B046130018F520 /* SceneDelegate.m */,
				EACFD82E25B046130018F520 /* ViewController.h */,
				EACFD82F25B046130018F520 /* ViewController.m */,
				EACFD83125B046130018F520 /* Main.storyboard */,
				EACFD83425B046150018F520 /* Assets.xcassets */,
				EACFD83625B046150018F520 /* LaunchScreen.storyboard */,
				EACFD83925B046150018F520 /* Info.plist */,
				EACFD83A25B046150018F520 /* main.m */,
				EA87356325B84525008245BE /* demoCtl.h */,
				EA87356425B84525008245BE /* demoCtl.m */,
			);
			path = "WestCoast-Cars";
			sourceTree = "<group>";
		};
		EACFD84225B0464D0018F520 /* Services */ = {
			isa = PBXGroup;
			children = (
				EACFD84325B046A90018F520 /* HttpService.h */,
				EACFD84425B046A90018F520 /* HttpService.m */,
			);
			path = Services;
			sourceTree = "<group>";
		};
		EACFD84825B06B890018F520 /* Models */ = {
			isa = PBXGroup;
			children = (
				EACFD84925B06BAB0018F520 /* Vehicle.h */,
				EACFD84A25B06BAB0018F520 /* Vehicle.m */,
			);
			path = Models;
			sourceTree = "<group>";
		};
/* End PBXGroup section */

/* Begin PBXNativeTarget section */
		EACFD82425B046130018F520 /* WestCoast-Cars */ = {
			isa = PBXNativeTarget;
			buildConfigurationList = EACFD83E25B046160018F520 /* Build configuration list for PBXNativeTarget "WestCoast-Cars" */;
			buildPhases = (
				EACFD82125B046130018F520 /* Sources */,
				EACFD82225B046130018F520 /* Frameworks */,
				EACFD82325B046130018F520 /* Resources */,
			);
			buildRules = (
			);
			dependencies = (
			);
			name = "WestCoast-Cars";
			productName = "WestCoast-Cars";
			productReference = EACFD82525B046130018F520 /* WestCoast-Cars.app */;
			productType = "com.apple.product-type.application";
		};
/* End PBXNativeTarget section */

/* Begin PBXProject section */
		EACFD81D25B046130018F520 /* Project object */ = {
			isa = PBXProject;
			attributes = {
				LastUpgradeCheck = 1230;
				TargetAttributes = {
					EACFD82425B046130018F520 = {
						CreatedOnToolsVersion = 12.3;
					};
				};
			};
			buildConfigurationList = EACFD82025B046130018F520 /* Build configuration list for PBXProject "WestCoast-Cars Part 2 Start" */;
			compatibilityVersion = "Xcode 9.3";
			developmentRegion = en;
			hasScannedForEncodings = 0;
			knownRegions = (
				en,
				Base,
			);
			mainGroup = EACFD81C25B046130018F520;
			productRefGroup = EACFD82625B046130018F520 /* Products */;
			projectDirPath = "";
			projectRoot = "";
			targets = (
				EACFD82425B046130018F520 /* WestCoast-Cars */,
			);
		};
/* End PBXProject section */

/* Begin PBXResourcesBuildPhase section */
		EACFD82325B046130018F520 /* Resources */ = {
			isa = PBXResourcesBuildPhase;
			buildActionMask = 2147483647;
			files = (
				EACFD83825B046150018F520 /* LaunchScreen.storyboard in Resources */,
				EACFD83525B046150018F520 /* Assets.xcassets in Resources */,
				EACFD83325B046130018F520 /* Main.storyboard in Resources */,
			);
			runOnlyForDeploymentPostprocessing = 0;
		};
/* End PBXResourcesBuildPhase section */

/* Begin PBXSourcesBuildPhase section */
		EACFD82125B046130018F520 /* Sources */ = {
			isa = PBXSourcesBuildPhase;
			buildActionMask = 2147483647;
			files = (
				EACFD84525B046A90018F520 /* HttpService.m in Sources */,
				EACFD83025B046130018F520 /* ViewController.m in Sources */,
				EA87356025B8252C008245BE /* vehicleCell.m in Sources */,
				EACFD84B25B06BAB0018F520 /* Vehicle.m in Sources */,
				EAC5201B25B96E9D0066A60D /* VehicleDetailsViewController.m in Sources */,
				EA87356525B84525008245BE /* demoCtl.m in Sources */,
				EACFD82A25B046130018F520 /* AppDelegate.m in Sources */,
				EACFD83B25B046150018F520 /* main.m in Sources */,
				EACFD82D25B046130018F520 /* SceneDelegate.m in Sources */,
			);
			runOnlyForDeploymentPostprocessing = 0;
		};
/* End PBXSourcesBuildPhase section */

/* Begin PBXVariantGroup section */
		EACFD83125B046130018F520 /* Main.storyboard */ = {
			isa = PBXVariantGroup;
			children = (
				EACFD83225B046130018F520 /* Base */,
			);
			name = Main.storyboard;
			sourceTree = "<group>";
		};
		EACFD83625B046150018F520 /* LaunchScreen.storyboard */ = {
			isa = PBXVariantGroup;
			children = (
				EACFD83725B046150018F520 /* Base */,
			);
			name = LaunchScreen.storyboard;
			sourceTree = "<group>";
		};
/* End PBXVariantGroup section */

/* Begin XCBuildConfiguration section */
		EACFD83C25B046150018F520 /* Debug */ = {
			isa = XCBuildConfiguration;
			buildSettings = {
				ALWAYS_SEARCH_USER_PATHS = NO;
				CLANG_ANALYZER_NONNULL = YES;
				CLANG_ANALYZER_NUMBER_OBJECT_CONVERSION = YES_AGGRESSIVE;
				CLANG_CXX_LANGUAGE_STANDARD = "gnu++14";
				CLANG_CXX_LIBRARY = "libc++";
				CLANG_ENABLE_MODULES = YES;
				CLANG_ENABLE_OBJC_ARC = YES;
				CLANG_ENABLE_OBJC_WEAK = YES;
				CLANG_WARN_BLOCK_CAPTURE_AUTORELEASING = YES;
				CLANG_WARN_BOOL_CONVERSION = YES;
				CLANG_WARN_COMMA = YES;
				CLANG_WARN_CONSTANT_CONVERSION = YES;
				CLANG_WARN_DEPRECATED_OBJC_IMPLEMENTATIONS = YES;
				CLANG_WARN_DIRECT_OBJC_ISA_USAGE = YES_ERROR;
				CLANG_WARN_DOCUMENTATION_COMMENTS = YES;
				CLANG_WARN_EMPTY_BODY = YES;
				CLANG_WARN_ENUM_CONVERSION = YES;
				CLANG_WARN_INFINITE_RECURSION = YES;
				CLANG_WARN_INT_CONVERSION = YES;
				CLANG_WARN_NON_LITERAL_NULL_CONVERSION = YES;
				CLANG_WARN_OBJC_IMPLICIT_RETAIN_SELF = YES;
				CLANG_WARN_OBJC_LITERAL_CONVERSION = YES;
				CLANG_WARN_OBJC_ROOT_CLASS = YES_ERROR;
				CLANG_WARN_QUOTED_INCLUDE_IN_FRAMEWORK_HEADER = YES;
				CLANG_WARN_RANGE_LOOP_ANALYSIS = YES;
				CLANG_WARN_STRICT_PROTOTYPES = YES;
				CLANG_WARN_SUSPICIOUS_MOVE = YES;
				CLANG_WARN_UNGUARDED_AVAILABILITY = YES_AGGRESSIVE;
				CLANG_WARN_UNREACHABLE_CODE = YES;
				CLANG_WARN__DUPLICATE_METHOD_MATCH = YES;
				COPY_PHASE_STRIP = NO;
				DEBUG_INFORMATION_FORMAT = dwarf;
				ENABLE_STRICT_OBJC_MSGSEND = YES;
				ENABLE_TESTABILITY = YES;
				GCC_C_LANGUAGE_STANDARD = gnu11;
				GCC_DYNAMIC_NO_PIC = NO;
				GCC_NO_COMMON_BLOCKS = YES;
				GCC_OPTIMIZATION_LEVEL = 0;
				GCC_PREPROCESSOR_DEFINITIONS = (
					"DEBUG=1",
					"$(inherited)",
				);
				GCC_WARN_64_TO_32_BIT_CONVERSION = YES;
				GCC_WARN_ABOUT_RETURN_TYPE = YES_ERROR;
				GCC_WARN_UNDECLARED_SELECTOR = YES;
				GCC_WARN_UNINITIALIZED_AUTOS = YES_AGGRESSIVE;
				GCC_WARN_UNUSED_FUNCTION = YES;
				GCC_WARN_UNUSED_VARIABLE = YES;
				IPHONEOS_DEPLOYMENT_TARGET = 14.3;
				MTL_ENABLE_DEBUG_INFO = INCLUDE_SOURCE;
				MTL_FAST_MATH = YES;
				ONLY_ACTIVE_ARCH = YES;
				SDKROOT = iphoneos;
			};
			name = Debug;
		};
		EACFD83D25B046150018F520 /* Release */ = {
			isa = XCBuildConfiguration;
			buildSettings = {
				ALWAYS_SEARCH_USER_PATHS = NO;
				CLANG_ANALYZER_NONNULL = YES;
				CLANG_ANALYZER_NUMBER_OBJECT_CONVERSION = YES_AGGRESSIVE;
				CLANG_CXX_LANGUAGE_STANDARD = "gnu++14";
				CLANG_CXX_LIBRARY = "libc++";
				CLANG_ENABLE_MODULES = YES;
				CLANG_ENABLE_OBJC_ARC = YES;
				CLANG_ENABLE_OBJC_WEAK = YES;
				CLANG_WARN_BLOCK_CAPTURE_AUTORELEASING = YES;
				CLANG_WARN_BOOL_CONVERSION = YES;
				CLANG_WARN_COMMA = YES;
				CLANG_WARN_CONSTANT_CONVERSION = YES;
				CLANG_WARN_DEPRECATED_OBJC_IMPLEMENTATIONS = YES;
				CLANG_WARN_DIRECT_OBJC_ISA_USAGE = YES_ERROR;
				CLANG_WARN_DOCUMENTATION_COMMENTS = YES;
				CLANG_WARN_EMPTY_BODY = YES;
				CLANG_WARN_ENUM_CONVERSION = YES;
				CLANG_WARN_INFINITE_RECURSION = YES;
				CLANG_WARN_INT_CONVERSION = YES;
				CLANG_WARN_NON_LITERAL_NULL_CONVERSION = YES;
				CLANG_WARN_OBJC_IMPLICIT_RETAIN_SELF = YES;
				CLANG_WARN_OBJC_LITERAL_CONVERSION = YES;
				CLANG_WARN_OBJC_ROOT_CLASS = YES_ERROR;
				CLANG_WARN_QUOTED_INCLUDE_IN_FRAMEWORK_HEADER = YES;
				CLANG_WARN_RANGE_LOOP_ANALYSIS = YES;
				CLANG_WARN_STRICT_PROTOTYPES = YES;
				CLANG_WARN_SUSPICIOUS_MOVE = YES;
				CLANG_WARN_UNGUARDED_AVAILABILITY = YES_AGGRESSIVE;
				CLANG_WARN_UNREACHABLE_CODE = YES;
				CLANG_WARN__DUPLICATE_METHOD_MATCH = YES;
				COPY_PHASE_STRIP = NO;
				DEBUG_INFORMATION_FORMAT = "dwarf-with-dsym";
				ENABLE_NS_ASSERTIONS = NO;
				ENABLE_STRICT_OBJC_MSGSEND = YES;
				GCC_C_LANGUAGE_STANDARD = gnu11;
				GCC_NO_COMMON_BLOCKS = YES;
				GCC_WARN_64_TO_32_BIT_CONVERSION = YES;
				GCC_WARN_ABOUT_RETURN_TYPE = YES_ERROR;
				GCC_WARN_UNDECLARED_SELECTOR = YES;
				GCC_WARN_UNINITIALIZED_AUTOS = YES_AGGRESSIVE;
				GCC_WARN_UNUSED_FUNCTION = YES;
				GCC_WARN_UNUSED_VARIABLE = YES;
				IPHONEOS_DEPLOYMENT_TARGET = 14.3;
				MTL_ENABLE_DEBUG_INFO = NO;
				MTL_FAST_MATH = YES;
				SDKROOT = iphoneos;
				VALIDATE_PRODUCT = YES;
			};
			name = Release;
		};
		EACFD83F25B046160018F520 /* Debug */ = {
			isa = XCBuildConfiguration;
			buildSettings = {
				ASSETCATALOG_COMPILER_APPICON_NAME = AppIcon;
				ASSETCATALOG_COMPILER_GLOBAL_ACCENT_COLOR_NAME = AccentColor;
				CODE_SIGN_STYLE = Automatic;
				DEVELOPMENT_TEAM = C3SJT459K8;
				INFOPLIST_FILE = "WestCoast-Cars/Info.plist";
				LD_RUNPATH_SEARCH_PATHS = (
					"$(inherited)",
					"@executable_path/Frameworks",
				);
				PRODUCT_BUNDLE_IDENTIFIER = "com.softtech-dev.WestCoast-Cars";
				PRODUCT_NAME = "$(TARGET_NAME)";
				TARGETED_DEVICE_FAMILY = "1,2";
			};
			name = Debug;
		};
		EACFD84025B046160018F520 /* Release */ = {
			isa = XCBuildConfiguration;
			buildSettings = {
				ASSETCATALOG_COMPILER_APPICON_NAME = AppIcon;
				ASSETCATALOG_COMPILER_GLOBAL_ACCENT_COLOR_NAME = AccentColor;
				CODE_SIGN_STYLE = Automatic;
				DEVELOPMENT_TEAM = C3SJT459K8;
				INFOPLIST_FILE = "WestCoast-Cars/Info.plist";
				LD_RUNPATH_SEARCH_PATHS = (
					"$(inherited)",
					"@executable_path/Frameworks",
				);
				PRODUCT_BUNDLE_IDENTIFIER = "com.softtech-dev.WestCoast-Cars";
				PRODUCT_NAME = "$(TARGET_NAME)";
				TARGETED_DEVICE_FAMILY = "1,2";
			};
			name = Release;
		};
/* End XCBuildConfiguration section */

/* Begin XCConfigurationList section */
		EACFD82025B046130018F520 /* Build configuration list for PBXProject "WestCoast-Cars Part 2 Start" */ = {
			isa = XCConfigurationList;
			buildConfigurations = (
				EACFD83C25B046150018F520 /* Debug */,
				EACFD83D25B046150018F520 /* Release */,
			);
			defaultConfigurationIsVisible = 0;
			defaultConfigurationName = Release;
		};
		EACFD83E25B046160018F520 /* Build configuration list for PBXNativeTarget "WestCoast-Cars" */ = {
			isa = XCConfigurationList;
			buildConfigurations = (
				EACFD83F25B046160018F520 /* Debug */,
				EACFD84025B046160018F520 /* Release */,
			);
			defaultConfigurationIsVisible = 0;
			defaultConfigurationName = Release;
		};
/* End XCConfigurationList section */
	};
	rootObject = EACFD81D25B046130018F520 /* Project object */;
}
