// !$*UTF8*$!
{
	archiveVersion = 1;
	classes = {
	};
	objectVersion = 50;
	objects = {

/* Begin PBXBuildFile section */
		EADEC31A257ED0BE00E2E03E /* AppDelegate.m in Sources */ = {isa = PBXBuildFile; fileRef = EADEC319257ED0BE00E2E03E /* AppDelegate.m */; };
		EADEC31D257ED0BE00E2E03E /* SceneDelegate.m in Sources */ = {isa = PBXBuildFile; fileRef = EADEC31C257ED0BE00E2E03E /* SceneDelegate.m */; };
		EADEC320257ED0BE00E2E03E /* ViewController.m in Sources */ = {isa = PBXBuildFile; fileRef = EADEC31F257ED0BE00E2E03E /* ViewController.m */; };
		EADEC323257ED0BE00E2E03E /* Main.storyboard in Resources */ = {isa = PBXBuildFile; fileRef = EADEC321257ED0BE00E2E03E /* Main.storyboard */; };
		EADEC325257ED0C000E2E03E /* Assets.xcassets in Resources */ = {isa = PBXBuildFile; fileRef = EADEC324257ED0C000E2E03E /* Assets.xcassets */; };
		EADEC328257ED0C000E2E03E /* LaunchScreen.storyboard in Resources */ = {isa = PBXBuildFile; fileRef = EADEC326257ED0C000E2E03E /* LaunchScreen.storyboard */; };
		EADEC32B257ED0C000E2E03E /* main.m in Sources */ = {isa = PBXBuildFile; fileRef = EADEC32A257ED0C000E2E03E /* main.m */; };
/* End PBXBuildFile section */

/* Begin PBXFileReference section */
		EADEC315257ED0BE00E2E03E /* Integers.app */ = {isa = PBXFileReference; explicitFileType = wrapper.application; includeInIndex = 0; path = Integers.app; sourceTree = BUILT_PRODUCTS_DIR; };
		EADEC318257ED0BE00E2E03E /* AppDelegate.h */ = {isa = PBXFileReference; lastKnownFileType = sourcecode.c.h; path = AppDelegate.h; sourceTree = "<group>"; };
		EADEC319257ED0BE00E2E03E /* AppDelegate.m */ = {isa = PBXFileReference; lastKnownFileType = sourcecode.c.objc; path = AppDelegate.m; sourceTree = "<group>"; };
		EADEC31B257ED0BE00E2E03E /* SceneDelegate.h */ = {isa = PBXFileReference; lastKnownFileType = sourcecode.c.h; path = SceneDelegate.h; sourceTree = "<group>"; };
		EADEC31C257ED0BE00E2E03E /* SceneDelegate.m */ = {isa = PBXFileReference; lastKnownFileType = sourcecode.c.objc; path = SceneDelegate.m; sourceTree = "<group>"; };
		EADEC31E257ED0BE00E2E03E /* ViewController.h */ = {isa = PBXFileReference; lastKnownFileType = sourcecode.c.h; path = ViewController.h; sourceTree = "<group>"; };
		EADEC31F257ED0BE00E2E03E /* ViewController.m */ = {isa = PBXFileReference; lastKnownFileType = sourcecode.c.objc; path = ViewController.m; sourceTree = "<group>"; };
		EADEC322257ED0BE00E2E03E /* Base */ = {isa = PBXFileReference; lastKnownFileType = file.storyboard; name = Base; path = Base.lproj/Main.storyboard; sourceTree = "<group>"; };
		EADEC324257ED0C000E2E03E /* Assets.xcassets */ = {isa = PBXFileReference; lastKnownFileType = folder.assetcatalog; path = Assets.xcassets; sourceTree = "<group>"; };
		EADEC327257ED0C000E2E03E /* Base */ = {isa = PBXFileReference; lastKnownFileType = file.storyboard; name = Base; path = Base.lproj/LaunchScreen.storyboard; sourceTree = "<group>"; };
		EADEC329257ED0C000E2E03E /* Info.plist */ = {isa = PBXFileReference; lastKnownFileType = text.plist.xml; path = Info.plist; sourceTree = "<group>"; };
		EADEC32A257ED0C000E2E03E /* main.m */ = {isa = PBXFileReference; lastKnownFileType = sourcecode.c.objc; path = main.m; sourceTree = "<group>"; };
/* End PBXFileReference section */

/* Begin PBXFrameworksBuildPhase section */
		EADEC312257ED0BE00E2E03E /* Frameworks */ = {
			isa = PBXFrameworksBuildPhase;
			buildActionMask = 2147483647;
			files = (
			);
			runOnlyForDeploymentPostprocessing = 0;
		};
/* End PBXFrameworksBuildPhase section */

/* Begin PBXGroup section */
		EADEC30C257ED0BE00E2E03E = {
			isa = PBXGroup;
			children = (
				EADEC317257ED0BE00E2E03E /* Integers */,
				EADEC316257ED0BE00E2E03E /* Products */,
			);
			sourceTree = "<group>";
		};
		EADEC316257ED0BE00E2E03E /* Products */ = {
			isa = PBXGroup;
			children = (
				EADEC315257ED0BE00E2E03E /* Integers.app */,
			);
			name = Products;
			sourceTree = "<group>";
		};
		EADEC317257ED0BE00E2E03E /* Integers */ = {
			isa = PBXGroup;
			children = (
				EADEC318257ED0BE00E2E03E /* AppDelegate.h */,
				EADEC319257ED0BE00E2E03E /* AppDelegate.m */,
				EADEC31B257ED0BE00E2E03E /* SceneDelegate.h */,
				EADEC31C257ED0BE00E2E03E /* SceneDelegate.m */,
				EADEC31E257ED0BE00E2E03E /* ViewController.h */,
				EADEC31F257ED0BE00E2E03E /* ViewController.m */,
				EADEC321257ED0BE00E2E03E /* Main.storyboard */,
				EADEC324257ED0C000E2E03E /* Assets.xcassets */,
				EADEC326257ED0C000E2E03E /* LaunchScreen.storyboard */,
				EADEC329257ED0C000E2E03E /* Info.plist */,
				EADEC32A257ED0C000E2E03E /* main.m */,
			);
			path = Integers;
			sourceTree = "<group>";
		};
/* End PBXGroup section */

/* Begin PBXNativeTarget section */
		EADEC314257ED0BE00E2E03E /* Integers */ = {
			isa = PBXNativeTarget;
			buildConfigurationList = EADEC32E257ED0C000E2E03E /* Build configuration list for PBXNativeTarget "Integers" */;
			buildPhases = (
				EADEC311257ED0BE00E2E03E /* Sources */,
				EADEC312257ED0BE00E2E03E /* Frameworks */,
				EADEC313257ED0BE00E2E03E /* Resources */,
			);
			buildRules = (
			);
			dependencies = (
			);
			name = Integers;
			productName = Integers;
			productReference = EADEC315257ED0BE00E2E03E /* Integers.app */;
			productType = "com.apple.product-type.application";
		};
/* End PBXNativeTarget section */

/* Begin PBXProject section */
		EADEC30D257ED0BE00E2E03E /* Project object */ = {
			isa = PBXProject;
			attributes = {
				LastUpgradeCheck = 1220;
				TargetAttributes = {
					EADEC314257ED0BE00E2E03E = {
						CreatedOnToolsVersion = 12.2;
					};
				};
			};
			buildConfigurationList = EADEC310257ED0BE00E2E03E /* Build configuration list for PBXProject "Integers" */;
			compatibilityVersion = "Xcode 9.3";
			developmentRegion = en;
			hasScannedForEncodings = 0;
			knownRegions = (
				en,
				Base,
			);
			mainGroup = EADEC30C257ED0BE00E2E03E;
			productRefGroup = EADEC316257ED0BE00E2E03E /* Products */;
			projectDirPath = "";
			projectRoot = "";
			targets = (
				EADEC314257ED0BE00E2E03E /* Integers */,
			);
		};
/* End PBXProject section */

/* Begin PBXResourcesBuildPhase section */
		EADEC313257ED0BE00E2E03E /* Resources */ = {
			isa = PBXResourcesBuildPhase;
			buildActionMask = 2147483647;
			files = (
				EADEC328257ED0C000E2E03E /* LaunchScreen.storyboard in Resources */,
				EADEC325257ED0C000E2E03E /* Assets.xcassets in Resources */,
				EADEC323257ED0BE00E2E03E /* Main.storyboard in Resources */,
			);
			runOnlyForDeploymentPostprocessing = 0;
		};
/* End PBXResourcesBuildPhase section */

/* Begin PBXSourcesBuildPhase section */
		EADEC311257ED0BE00E2E03E /* Sources */ = {
			isa = PBXSourcesBuildPhase;
			buildActionMask = 2147483647;
			files = (
				EADEC320257ED0BE00E2E03E /* ViewController.m in Sources */,
				EADEC31A257ED0BE00E2E03E /* AppDelegate.m in Sources */,
				EADEC32B257ED0C000E2E03E /* main.m in Sources */,
				EADEC31D257ED0BE00E2E03E /* SceneDelegate.m in Sources */,
			);
			runOnlyForDeploymentPostprocessing = 0;
		};
/* End PBXSourcesBuildPhase section */

/* Begin PBXVariantGroup section */
		EADEC321257ED0BE00E2E03E /* Main.storyboard */ = {
			isa = PBXVariantGroup;
			children = (
				EADEC322257ED0BE00E2E03E /* Base */,
			);
			name = Main.storyboard;
			sourceTree = "<group>";
		};
		EADEC326257ED0C000E2E03E /* LaunchScreen.storyboard */ = {
			isa = PBXVariantGroup;
			children = (
				EADEC327257ED0C000E2E03E /* Base */,
			);
			name = LaunchScreen.storyboard;
			sourceTree = "<group>";
		};
/* End PBXVariantGroup section */

/* Begin XCBuildConfiguration section */
		EADEC32C257ED0C000E2E03E /* Debug */ = {
			isa = XCBuildConfiguration;
			buildSettings = {
				ALWAYS_SEARCH_USER_PATHS = NO;
				CLANG_ANALYZER_NONNULL = YES;
				CLANG_ANALYZER_NUMBER_OBJECT_CONVERSION = YES_AGGRESSIVE;
				CLANG_CXX_LANGUAGE_STANDARD = "gnu++14";
				CLANG_CXX_LIBRARY = "libc++";
				CLANG_ENABLE_MODULES = YES;
				CLANG_ENABLE_OBJC_ARC = YES;
				CLANG_ENABLE_OBJC_WEAK = YES;
				CLANG_WARN_BLOCK_CAPTURE_AUTORELEASING = YES;
				CLANG_WARN_BOOL_CONVERSION = YES;
				CLANG_WARN_COMMA = YES;
				CLANG_WARN_CONSTANT_CONVERSION = YES;
				CLANG_WARN_DEPRECATED_OBJC_IMPLEMENTATIONS = YES;
				CLANG_WARN_DIRECT_OBJC_ISA_USAGE = YES_ERROR;
				CLANG_WARN_DOCUMENTATION_COMMENTS = YES;
				CLANG_WARN_EMPTY_BODY = YES;
				CLANG_WARN_ENUM_CONVERSION = YES;
				CLANG_WARN_INFINITE_RECURSION = YES;
				CLANG_WARN_INT_CONVERSION = YES;
				CLANG_WARN_NON_LITERAL_NULL_CONVERSION = YES;
				CLANG_WARN_OBJC_IMPLICIT_RETAIN_SELF = YES;
				CLANG_WARN_OBJC_LITERAL_CONVERSION = YES;
				CLANG_WARN_OBJC_ROOT_CLASS = YES_ERROR;
				CLANG_WARN_QUOTED_INCLUDE_IN_FRAMEWORK_HEADER = YES;
				CLANG_WARN_RANGE_LOOP_ANALYSIS = YES;
				CLANG_WARN_STRICT_PROTOTYPES = YES;
				CLANG_WARN_SUSPICIOUS_MOVE = YES;
				CLANG_WARN_UNGUARDED_AVAILABILITY = YES_AGGRESSIVE;
				CLANG_WARN_UNREACHABLE_CODE = YES;
				CLANG_WARN__DUPLICATE_METHOD_MATCH = YES;
				COPY_PHASE_STRIP = NO;
				DEBUG_INFORMATION_FORMAT = dwarf;
				ENABLE_STRICT_OBJC_MSGSEND = YES;
				ENABLE_TESTABILITY = YES;
				GCC_C_LANGUAGE_STANDARD = gnu11;
				GCC_DYNAMIC_NO_PIC = NO;
				GCC_NO_COMMON_BLOCKS = YES;
				GCC_OPTIMIZATION_LEVEL = 0;
				GCC_PREPROCESSOR_DEFINITIONS = (
					"DEBUG=1",
					"$(inherited)",
				);
				GCC_WARN_64_TO_32_BIT_CONVERSION = YES;
				GCC_WARN_ABOUT_RETURN_TYPE = YES_ERROR;
				GCC_WARN_UNDECLARED_SELECTOR = YES;
				GCC_WARN_UNINITIALIZED_AUTOS = YES_AGGRESSIVE;
				GCC_WARN_UNUSED_FUNCTION = YES;
				GCC_WARN_UNUSED_VARIABLE = YES;
				IPHONEOS_DEPLOYMENT_TARGET = 14.2;
				MTL_ENABLE_DEBUG_INFO = INCLUDE_SOURCE;
				MTL_FAST_MATH = YES;
				ONLY_ACTIVE_ARCH = YES;
				SDKROOT = iphoneos;
			};
			name = Debug;
		};
		EADEC32D257ED0C000E2E03E /* Release */ = {
			isa = XCBuildConfiguration;
			buildSettings = {
				ALWAYS_SEARCH_USER_PATHS = NO;
				CLANG_ANALYZER_NONNULL = YES;
				CLANG_ANALYZER_NUMBER_OBJECT_CONVERSION = YES_AGGRESSIVE;
				CLANG_CXX_LANGUAGE_STANDARD = "gnu++14";
				CLANG_CXX_LIBRARY = "libc++";
				CLANG_ENABLE_MODULES = YES;
				CLANG_ENABLE_OBJC_ARC = YES;
				CLANG_ENABLE_OBJC_WEAK = YES;
				CLANG_WARN_BLOCK_CAPTURE_AUTORELEASING = YES;
				CLANG_WARN_BOOL_CONVERSION = YES;
				CLANG_WARN_COMMA = YES;
				CLANG_WARN_CONSTANT_CONVERSION = YES;
				CLANG_WARN_DEPRECATED_OBJC_IMPLEMENTATIONS = YES;
				CLANG_WARN_DIRECT_OBJC_ISA_USAGE = YES_ERROR;
				CLANG_WARN_DOCUMENTATION_COMMENTS = YES;
				CLANG_WARN_EMPTY_BODY = YES;
				CLANG_WARN_ENUM_CONVERSION = YES;
				CLANG_WARN_INFINITE_RECURSION = YES;
				CLANG_WARN_INT_CONVERSION = YES;
				CLANG_WARN_NON_LITERAL_NULL_CONVERSION = YES;
				CLANG_WARN_OBJC_IMPLICIT_RETAIN_SELF = YES;
				CLANG_WARN_OBJC_LITERAL_CONVERSION = YES;
				CLANG_WARN_OBJC_ROOT_CLASS = YES_ERROR;
				CLANG_WARN_QUOTED_INCLUDE_IN_FRAMEWORK_HEADER = YES;
				CLANG_WARN_RANGE_LOOP_ANALYSIS = YES;
				CLANG_WARN_STRICT_PROTOTYPES = YES;
				CLANG_WARN_SUSPICIOUS_MOVE = YES;
				CLANG_WARN_UNGUARDED_AVAILABILITY = YES_AGGRESSIVE;
				CLANG_WARN_UNREACHABLE_CODE = YES;
				CLANG_WARN__DUPLICATE_METHOD_MATCH = YES;
				COPY_PHASE_STRIP = NO;
				DEBUG_INFORMATION_FORMAT = "dwarf-with-dsym";
				ENABLE_NS_ASSERTIONS = NO;
				ENABLE_STRICT_OBJC_MSGSEND = YES;
				GCC_C_LANGUAGE_STANDARD = gnu11;
				GCC_NO_COMMON_BLOCKS = YES;
				GCC_WARN_64_TO_32_BIT_CONVERSION = YES;
				GCC_WARN_ABOUT_RETURN_TYPE = YES_ERROR;
				GCC_WARN_UNDECLARED_SELECTOR = YES;
				GCC_WARN_UNINITIALIZED_AUTOS = YES_AGGRESSIVE;
				GCC_WARN_UNUSED_FUNCTION = YES;
				GCC_WARN_UNUSED_VARIABLE = YES;
				IPHONEOS_DEPLOYMENT_TARGET = 14.2;
				MTL_ENABLE_DEBUG_INFO = NO;
				MTL_FAST_MATH = YES;
				SDKROOT = iphoneos;
				VALIDATE_PRODUCT = YES;
			};
			name = Release;
		};
		EADEC32F257ED0C000E2E03E /* Debug */ = {
			isa = XCBuildConfiguration;
			buildSettings = {
				ASSETCATALOG_COMPILER_APPICON_NAME = AppIcon;
				ASSETCATALOG_COMPILER_GLOBAL_ACCENT_COLOR_NAME = AccentColor;
				CODE_SIGN_STYLE = Automatic;
				DEVELOPMENT_TEAM = C3SJT459K8;
				INFOPLIST_FILE = Integers/Info.plist;
				LD_RUNPATH_SEARCH_PATHS = (
					"$(inherited)",
					"@executable_path/Frameworks",
				);
				PRODUCT_BUNDLE_IDENTIFIER = "com.softtech-dev.Integers";
				PRODUCT_NAME = "$(TARGET_NAME)";
				TARGETED_DEVICE_FAMILY = "1,2";
			};
			name = Debug;
		};
		EADEC330257ED0C000E2E03E /* Release */ = {
			isa = XCBuildConfiguration;
			buildSettings = {
				ASSETCATALOG_COMPILER_APPICON_NAME = AppIcon;
				ASSETCATALOG_COMPILER_GLOBAL_ACCENT_COLOR_NAME = AccentColor;
				CODE_SIGN_STYLE = Automatic;
				DEVELOPMENT_TEAM = C3SJT459K8;
				INFOPLIST_FILE = Integers/Info.plist;
				LD_RUNPATH_SEARCH_PATHS = (
					"$(inherited)",
					"@executable_path/Frameworks",
				);
				PRODUCT_BUNDLE_IDENTIFIER = "com.softtech-dev.Integers";
				PRODUCT_NAME = "$(TARGET_NAME)";
				TARGETED_DEVICE_FAMILY = "1,2";
			};
			name = Release;
		};
/* End XCBuildConfiguration section */

/* Begin XCConfigurationList section */
		EADEC310257ED0BE00E2E03E /* Build configuration list for PBXProject "Integers" */ = {
			isa = XCConfigurationList;
			buildConfigurations = (
				EADEC32C257ED0C000E2E03E /* Debug */,
				EADEC32D257ED0C000E2E03E /* Release */,
			);
			defaultConfigurationIsVisible = 0;
			defaultConfigurationName = Release;
		};
		EADEC32E257ED0C000E2E03E /* Build configuration list for PBXNativeTarget "Integers" */ = {
			isa = XCConfigurationList;
			buildConfigurations = (
				EADEC32F257ED0C000E2E03E /* Debug */,
				EADEC330257ED0C000E2E03E /* Release */,
			);
			defaultConfigurationIsVisible = 0;
			defaultConfigurationName = Release;
		};
/* End XCConfigurationList section */
	};
	rootObject = EADEC30D257ED0BE00E2E03E /* Project object */;
}
